{
  "requires": true,
  "lockfileVersion": 1,
  "dependencies": {
    "@googlemaps/google-maps-services-js": {
      "version": "2.3.1",
      "resolved": "https://registry.npmjs.org/@googlemaps/google-maps-services-js/-/google-maps-services-js-2.3.1.tgz",
      "integrity": "sha512-47kT5S0aB0UjcR5/2v2C/sm1wHWsrpp1vrb1f22xdPd8pJvjV2rnM9COvNCoG3C6M0we3V5DRN6yTTHPKVoeGA==",
      "requires": {
        "agentkeepalive": "^4.1.0",
        "axios": "^0.19.0",
        "query-string": "^6.11.0"
      }
    },
    "Buffer": {
      "version": "0.0.0",
      "resolved": "https://registry.npmjs.org/Buffer/-/Buffer-0.0.0.tgz",
      "integrity": "sha1-gs+OmGohCf9tHW8cQ25H0HEnrqQ="
    },
    "JSON": {
      "version": "1.0.0",
      "resolved": "https://registry.npmjs.org/JSON/-/JSON-1.0.0.tgz",
      "integrity": "sha1-hoFTHCj4Q4oHVYn/BySCRuqWDYw="
    },
    "agentkeepalive": {
      "version": "4.1.0",
      "resolved": "https://registry.npmjs.org/agentkeepalive/-/agentkeepalive-4.1.0.tgz",
      "integrity": "sha512-CW/n1wxF8RpEuuiq6Vbn9S8m0VSYDMnZESqaJ6F2cWN9fY8rei2qaxweIaRgq+ek8TqfoFIsUjaGNKGGEHElSg==",
      "requires": {
        "debug": "^4.1.0",
        "depd": "^1.1.2",
        "humanize-ms": "^1.2.1"
      }
    },
    "atob": {
      "version": "2.1.2",
      "resolved": "https://registry.npmjs.org/atob/-/atob-2.1.2.tgz",
      "integrity": "sha512-Wm6ukoaOGJi/73p/cl2GvLjTI5JM1k/O14isD73YML8StrH/7/lRFgmg8nICZgD3bZZvjwCGxtMOD3wWNAu8cg=="
    },
    "axios": {
      "version": "0.19.2",
      "resolved": "https://registry.npmjs.org/axios/-/axios-0.19.2.tgz",
      "integrity": "sha512-fjgm5MvRHLhx+osE2xoekY70AhARk3a6hkN+3Io1jc00jtquGvxYlKlsFUhmUET0V5te6CcZI7lcv2Ym61mjHA==",
      "requires": {
        "follow-redirects": "1.5.10"
      }
    },
    "base64-js": {
      "version": "1.3.1",
      "resolved": "https://registry.npmjs.org/base64-js/-/base64-js-1.3.1.tgz",
      "integrity": "sha512-mLQ4i2QO1ytvGWFWmcngKO//JXAQueZvwEKtjgQFM4jIK0kU+ytMfplL8j+n5mspOfjHwoAg+9yhb7BwAHm36g=="
    },
    "buffer": {
      "version": "5.5.0",
      "resolved": "https://registry.npmjs.org/buffer/-/buffer-5.5.0.tgz",
      "integrity": "sha512-9FTEDjLjwoAkEwyMGDjYJQN2gfRgOKBKRfiglhvibGbpeeU/pQn1bJxQqm32OD/AIeEuHxU9roxXxg34Byp/Ww==",
      "requires": {
        "base64-js": "^1.0.2",
        "ieee754": "^1.1.4"
      }
    },
    "debug": {
      "version": "4.1.1",
      "resolved": "https://registry.npmjs.org/debug/-/debug-4.1.1.tgz",
      "integrity": "sha512-pYAIzeRo8J6KPEaJ0VWOh5Pzkbw/RetuzehGM7QRRX5he4fPHx2rdKMB256ehJCkX+XRQm16eZLqLNS8RSZXZw==",
      "requires": {
        "ms": "^2.1.1"
      }
    },
    "decode-uri-component": {
      "version": "0.2.0",
      "resolved": "https://registry.npmjs.org/decode-uri-component/-/decode-uri-component-0.2.0.tgz",
      "integrity": "sha1-6zkTMzRYd1y4TNGh+uBiEGu4dUU="
    },
    "depd": {
      "version": "1.1.2",
      "resolved": "https://registry.npmjs.org/depd/-/depd-1.1.2.tgz",
      "integrity": "sha1-m81S4UwJd2PnSbJ0xDRu0uVgtak="
    },
    "firebase": {
      "version": "2.4.2",
      "resolved": "https://registry.npmjs.org/firebase/-/firebase-2.4.2.tgz",
      "integrity": "sha1-ThEZ7AOWylYdinrL/xYw/qxsCjE=",
      "requires": {
        "faye-websocket": ">=0.6.0"
      },
      "dependencies": {
        "faye-websocket": {
          "version": "0.9.3",
          "resolved": "https://registry.npmjs.org/faye-websocket/-/faye-websocket-0.9.3.tgz",
          "integrity": "sha1-SCpQWw3wrmJrlphm0710DNuWLoM=",
          "requires": {
            "websocket-driver": ">=0.5.1"
          },
          "dependencies": {
            "websocket-driver": {
              "version": "0.5.2",
              "resolved": "https://registry.npmjs.org/websocket-driver/-/websocket-driver-0.5.2.tgz",
              "integrity": "sha1-jHyF2gcTtAYFVrTXHAF3XuEmnrk=",
              "requires": {
                "websocket-extensions": ">=0.1.1"
              },
              "dependencies": {
                "websocket-extensions": {
                  "version": "0.1.1",
                  "resolved": "https://registry.npmjs.org/websocket-extensions/-/websocket-extensions-0.1.1.tgz",
                  "integrity": "sha1-domUmcGEtu91Q3fC27DNbLVdKec="
                }
              }
            }
          }
        }
      }
    },
    "firebase-token-generator": {
      "version": "2.0.0",
      "resolved": "https://registry.npmjs.org/firebase-token-generator/-/firebase-token-generator-2.0.0.tgz",
      "integrity": "sha1-l2fXWewTq9yZuhFf1eqZ2Lk9EgY="
    },
    "firestore": {
      "version": "1.1.6",
      "resolved": "https://registry.npmjs.org/firestore/-/firestore-1.1.6.tgz",
      "integrity": "sha1-cyhLzp/psIva1sGCeNJbaW4SPMI=",
      "requires": {
        "firebase": "^2.1.2",
        "firebase-token-generator": "^2.0.0",
        "lodash": "^3.1.0"
      }
    },
    "follow-redirects": {
      "version": "1.5.10",
      "resolved": "https://registry.npmjs.org/follow-redirects/-/follow-redirects-1.5.10.tgz",
      "integrity": "sha512-0V5l4Cizzvqt5D44aTXbFZz+FtyXV1vrDN6qrelxtfYQKW0KO0W2T/hkE8xvGa/540LkZlkaUjO4ailYTFtHVQ==",
      "requires": {
        "debug": "=3.1.0"
      },
      "dependencies": {
        "debug": {
          "version": "3.1.0",
          "resolved": "https://registry.npmjs.org/debug/-/debug-3.1.0.tgz",
          "integrity": "sha512-OX8XqP7/1a9cqkxYw2yXss15f26NKWBpDXQd0/uK/KPqdQhxbPa994hnzjcE2VqQpDslf55723cKPUOGSmMY3g==",
          "requires": {
            "ms": "2.0.0"
          }
        },
        "ms": {
          "version": "2.0.0",
          "resolved": "https://registry.npmjs.org/ms/-/ms-2.0.0.tgz",
          "integrity": "sha1-VgiurfwAvmwpAd9fmGF4jeDVl8g="
        }
      }
    },
    "humanize-ms": {
      "version": "1.2.1",
      "resolved": "https://registry.npmjs.org/humanize-ms/-/humanize-ms-1.2.1.tgz",
      "integrity": "sha1-xG4xWaKT9riW2ikxbYtv6Lt5u+0=",
      "requires": {
        "ms": "^2.0.0"
      }
    },
    "ieee754": {
      "version": "1.1.13",
      "resolved": "https://registry.npmjs.org/ieee754/-/ieee754-1.1.13.tgz",
      "integrity": "sha512-4vf7I2LYV/HaWerSo3XmlMkp5eZ83i+/CDluXi/IGTs/O1sejBNhTtnxzmRZfvOUqj7lZjqHkeTvpgSFDlWZTg=="
    },
    "lodash": {
      "version": "3.10.1",
      "resolved": "https://registry.npmjs.org/lodash/-/lodash-3.10.1.tgz",
      "integrity": "sha1-W/Rejkm6QYnhfUgnid/RW9FAt7Y="
    },
    "ms": {
      "version": "2.1.2",
      "resolved": "https://registry.npmjs.org/ms/-/ms-2.1.2.tgz",
      "integrity": "sha512-sGkPx+VjMtmA6MX27oA4FBFELFCZZ4S4XqeGOXCv68tT+jb3vk/RyaKWP0PTKyWtmLSM0b+adUTEvbs1PEaH2w=="
    },
    "query-string": {
      "version": "6.11.1",
      "resolved": "https://registry.npmjs.org/query-string/-/query-string-6.11.1.tgz",
      "integrity": "sha512-1ZvJOUl8ifkkBxu2ByVM/8GijMIPx+cef7u3yroO3Ogm4DOdZcF5dcrWTIlSHe3Pg/mtlt6/eFjObDfJureZZA==",
      "requires": {
        "decode-uri-component": "^0.2.0",
        "split-on-first": "^1.0.0",
        "strict-uri-encode": "^2.0.0"
      }
    },
    "split-on-first": {
      "version": "1.1.0",
      "resolved": "https://registry.npmjs.org/split-on-first/-/split-on-first-1.1.0.tgz",
      "integrity": "sha512-43ZssAJaMusuKWL8sKUBQXHWOpq8d6CfN/u1p4gUzfJkM05C8rxTmYrkIPTXapZpORA6LkkzcUulJ8FqA7Uudw=="
    },
    "strict-uri-encode": {
      "version": "2.0.0",
      "resolved": "https://registry.npmjs.org/strict-uri-encode/-/strict-uri-encode-2.0.0.tgz",
      "integrity": "sha1-ucczDHBChi9rFC3CdLvMWGbONUY="
    },
    "xmlhttprequest": {
      "version": "1.8.0",
      "resolved": "https://registry.npmjs.org/xmlhttprequest/-/xmlhttprequest-1.8.0.tgz",
      "integrity": "sha1-Z/4HXFwk/vOfnWX197f+dRcZaPw="
    }
  }
}
